
Microsoft Visual Studio Solution File, Format Version 12.00
# Visual Studio Version 17
VisualStudioVersion = 17.7.34202.233
MinimumVisualStudioVersion = 10.0.40219.1
Project("{8BC9CEB8-8B4A-11D0-8D11-00A0C91BC942}") = "x86_Binary_Demo", "x86_Binary_Demo\x86_Binary_Demo.vcxproj", "{640CC75D-E510-45B5-B0AC-0F991428F166}"
EndProject
Global
	GlobalSection(SolutionConfigurationPlatforms) = preSolution
		Debug|x64 = Debug|x64
		Debug|x86 = Debug|x86
		Release|x64 = Release|x64
		Release|x86 = Release|x86
	EndGlobalSection
	GlobalSection(ProjectConfigurationPlatforms) = postSolution
		{640CC75D-E510-45B5-B0AC-0F991428F166}.Debug|x64.ActiveCfg = Debug|x64
		{640CC75D-E510-45B5-B0AC-0F991428F166}.Debug|x64.Build.0 = Debug|x64
		{640CC75D-E510-45B5-B0AC-0F991428F166}.Debug|x86.ActiveCfg = Debug|Win32
		{640CC75D-E510-45B5-B0AC-0F991428F166}.Debug|x86.Build.0 = Debug|Win32
		{640CC75D-E510-45B5-B0AC-0F991428F166}.Release|x64.ActiveCfg = Release|x64
		{640CC75D-E510-45B5-B0AC-0F991428F166}.Release|x64.Build.0 = Release|x64
		{640CC75D-E510-45B5-B0AC-0F991428F166}.Release|x86.ActiveCfg = Release|Win32
		{640CC75D-E510-45B5-B0AC-0F991428F166}.Release|x86.Build.0 = Release|Win32
	EndGlobalSection
	GlobalSection(SolutionProperties) = preSolution
		HideSolutionNode = FALSE
	EndGlobalSection
	GlobalSection(ExtensibilityGlobals) = postSolution
		SolutionGuid = {970570F5-2B4F-4097-B680-DA8975605A0C}
	EndGlobalSection
EndGlobal
