
Microsoft Visual Studio Solution File, Format Version 12.00
# Visual Studio Version 17
VisualStudioVersion = 17.7.34202.233
MinimumVisualStudioVersion = 10.0.40219.1
Project("{8BC9CEB8-8B4A-11D0-8D11-00A0C91BC942}") = "ASM64bit_Data_Sizes", "ASM64bit_Data_Sizes\ASM64bit_Data_Sizes.vcxproj", "{F4CC0FA6-08F7-4F59-9A9F-F57D6253A1F1}"
EndProject
Global
	GlobalSection(SolutionConfigurationPlatforms) = preSolution
		Debug|x64 = Debug|x64
		Debug|x86 = Debug|x86
		Release|x64 = Release|x64
		Release|x86 = Release|x86
	EndGlobalSection
	GlobalSection(ProjectConfigurationPlatforms) = postSolution
		{F4CC0FA6-08F7-4F59-9A9F-F57D6253A1F1}.Debug|x64.ActiveCfg = Debug|x64
		{F4CC0FA6-08F7-4F59-9A9F-F57D6253A1F1}.Debug|x64.Build.0 = Debug|x64
		{F4CC0FA6-08F7-4F59-9A9F-F57D6253A1F1}.Debug|x86.ActiveCfg = Debug|Win32
		{F4CC0FA6-08F7-4F59-9A9F-F57D6253A1F1}.Debug|x86.Build.0 = Debug|Win32
		{F4CC0FA6-08F7-4F59-9A9F-F57D6253A1F1}.Release|x64.ActiveCfg = Release|x64
		{F4CC0FA6-08F7-4F59-9A9F-F57D6253A1F1}.Release|x64.Build.0 = Release|x64
		{F4CC0FA6-08F7-4F59-9A9F-F57D6253A1F1}.Release|x86.ActiveCfg = Release|Win32
		{F4CC0FA6-08F7-4F59-9A9F-F57D6253A1F1}.Release|x86.Build.0 = Release|Win32
	EndGlobalSection
	GlobalSection(SolutionProperties) = preSolution
		HideSolutionNode = FALSE
	EndGlobalSection
	GlobalSection(ExtensibilityGlobals) = postSolution
		SolutionGuid = {8E8FFB39-B5F2-4A44-8A19-DD8D9E4BE0A9}
	EndGlobalSection
EndGlobal
